
Microsoft Visual Studio Solution File, Format Version 12.00
# Visual Studio 14
VisualStudioVersion = 14.0.22310.1
MinimumVisualStudioVersion = 10.0.40219.1
Project("{FAE04EC0-301F-11D3-BF4B-00C04F79EFBC}") = "Salesforce.VisualStudio.Services", "src\Salesforce.VisualStudio.Services\Salesforce.VisualStudio.Services.csproj", "{3ED4219C-57C9-4682-8F8E-017E3838965D}"
EndProject
Project("{2150E333-8FDC-42A3-9474-1A3956D46DE8}") = ".nuget", ".nuget", "{81BE51A0-74D1-4FAD-96A1-C2C6F4FB27F0}"
	ProjectSection(SolutionItems) = preProject
		.nuget\NuGet.Config = .nuget\NuGet.Config
		.nuget\NuGet.exe = .nuget\NuGet.exe
		.nuget\NuGet.targets = .nuget\NuGet.targets
	EndProjectSection
EndProject
Global
	GlobalSection(SolutionConfigurationPlatforms) = preSolution
		Debug|Any CPU = Debug|Any CPU
		Release|Any CPU = Release|Any CPU
	EndGlobalSection
	GlobalSection(ProjectConfigurationPlatforms) = postSolution
		{3ED4219C-57C9-4682-8F8E-017E3838965D}.Debug|Any CPU.ActiveCfg = Debug|Any CPU
		{3ED4219C-57C9-4682-8F8E-017E3838965D}.Debug|Any CPU.Build.0 = Debug|Any CPU
		{3ED4219C-57C9-4682-8F8E-017E3838965D}.Release|Any CPU.ActiveCfg = Release|Any CPU
		{3ED4219C-57C9-4682-8F8E-017E3838965D}.Release|Any CPU.Build.0 = Release|Any CPU
	EndGlobalSection
	GlobalSection(SolutionProperties) = preSolution
		HideSolutionNode = FALSE
	EndGlobalSection
EndGlobal
